
Microsoft Visual Studio Solution File, Format Version 12.00
# Visual Studio Version 17
VisualStudioVersion = 17.5.33516.290
MinimumVisualStudioVersion = 10.0.40219.1
Project("{FAE04EC0-301F-11D3-BF4B-00C04F79EFBC}") = "versionControl", "versionControl\versionControl.csproj", "{19C438ED-63A5-473D-A033-1AD3EA8AA86B}"
EndProject
Global
	GlobalSection(SolutionConfigurationPlatforms) = preSolution
		Debug|Any CPU = Debug|Any CPU
		Release|Any CPU = Release|Any CPU
	EndGlobalSection
	GlobalSection(ProjectConfigurationPlatforms) = postSolution
		{19C438ED-63A5-473D-A033-1AD3EA8AA86B}.Debug|Any CPU.ActiveCfg = Debug|Any CPU
		{19C438ED-63A5-473D-A033-1AD3EA8AA86B}.Debug|Any CPU.Build.0 = Debug|Any CPU
		{19C438ED-63A5-473D-A033-1AD3EA8AA86B}.Release|Any CPU.ActiveCfg = Release|Any CPU
		{19C438ED-63A5-473D-A033-1AD3EA8AA86B}.Release|Any CPU.Build.0 = Release|Any CPU
	EndGlobalSection
	GlobalSection(SolutionProperties) = preSolution
		HideSolutionNode = FALSE
	EndGlobalSection
	GlobalSection(ExtensibilityGlobals) = postSolution
		SolutionGuid = {6426E536-DF8D-4A61-8348-298378BCDE4D}
	EndGlobalSection
EndGlobal
